[alexey@vivobook-fedora 01]$ terraform apply

Terraform used the selected providers to generate the following execution plan. Resource actions are indicated with the following symbols:
  + create

Terraform will perform the following actions:

  # module.network-create.yandex_vpc_network.network-1 will be created
  + resource "yandex_vpc_network" "network-1" {
      + created_at                = (known after apply)
      + default_security_group_id = (known after apply)
      + folder_id                 = (known after apply)
      + id                        = (known after apply)
      + labels                    = (known after apply)
      + name                      = "network1"
      + subnet_ids                = (known after apply)
    }

  # module.network-create.yandex_vpc_subnet.subnet-1 will be created
  + resource "yandex_vpc_subnet" "subnet-1" {
      + created_at     = (known after apply)
      + folder_id      = (known after apply)
      + id             = (known after apply)
      + labels         = (known after apply)
      + name           = "subnet-1"
      + network_id     = (known after apply)
      + v4_cidr_blocks = [
          + "10.10.1.0/24",
        ]
      + v6_cidr_blocks = (known after apply)
      + zone           = "ru-central1-b"
    }

  # module.nginxSRV-create.yandex_compute_instance.vm will be created
  + resource "yandex_compute_instance" "vm" {
      + created_at                = (known after apply)
      + folder_id                 = (known after apply)
      + fqdn                      = (known after apply)
      + gpu_cluster_id            = (known after apply)
      + hostname                  = "web-srv1"
      + id                        = (known after apply)
      + metadata                  = {
          + "user-data" = <<-EOT
                #cloud-config
                users:
                  - name: akopalev
                    groups: wheel
                    shell: /bin/bash
                    sudo: ['ALL=(ALL) NOPASSWD:ALL']
                    ssh_authorized_keys:
                      - ssh-rsa AAAAB3NzaC1yc2EAAAADAQABAAABgQCxHlMc4ySp0W7oIBf1aRAxdIaoFyx3IZ+PNpAvDgluLZxmNLJ22ImYIcQkloY9tLwhD6guIdkoWtSusrjPfAO5bEPwKfa5GI51Qoq76gZ5/KyMtnYAARDyuSbMjeqaAJaF71oGKC4032hTlXtvMf7wAy8nfrP3zrRE7PDsqLh5vuVctAa78SFHp92394GYU0LkeCbE8dN+RW7T1wFoK7jK2HfVfLZMXtiJT3pji7jtkB7SKW8hNCeojKylZSW/AQhEyo32aPjZHomtQDkJ4DPVkPiGmcpDtpQ5u0fm0soEkODlKzECiNZM2pQq/gRdSmvObMbCkot5yjS4+uAqxl4jnzJU57lWDtFrIvkBDGJ2Y564r/pctq9uWp/QSbPgEv8uT/QaIoVeYMO723HHSzLRPVslrQiwkCU1qTFFHFCA2OlGJLZF05mGEi7pDAv2EX6PmfTdKwh8IsamEUgZsYbo+/RWKi56VDFGsZttrW3kVQ9mYEUAgitkDWnwpFO8DVU= alexey@vivobook-fedora
            EOT
        }
      + name                      = "web-srv1"
      + network_acceleration_type = "standard"
      + platform_id               = "standard-v1"
      + service_account_id        = (known after apply)
      + status                    = (known after apply)
      + zone                      = "ru-central1-b"

      + boot_disk {
          + auto_delete = true
          + device_name = (known after apply)
          + disk_id     = (known after apply)
          + mode        = (known after apply)

          + initialize_params {
              + block_size  = (known after apply)
              + description = (known after apply)
              + image_id    = "fd8o41nbel1uqngk0op2"
              + name        = (known after apply)
              + size        = 5
              + snapshot_id = (known after apply)
              + type        = "network-hdd"
            }
        }

      + network_interface {
          + index              = (known after apply)
          + ip_address         = "10.10.1.5"
          + ipv4               = true
          + ipv6               = (known after apply)
          + ipv6_address       = (known after apply)
          + mac_address        = (known after apply)
          + nat                = true
          + nat_ip_address     = "158.160.84.164"
          + nat_ip_version     = (known after apply)
          + security_group_ids = (known after apply)
          + subnet_id          = (known after apply)
        }

      + resources {
          + core_fraction = 5
          + cores         = 2
          + memory        = 2
        }

      + scheduling_policy {
          + preemptible = false
        }
    }

Plan: 3 to add, 0 to change, 0 to destroy.

Do you want to perform these actions?
  Terraform will perform the actions described above.
  Only 'yes' will be accepted to approve.

  Enter a value: yes

module.network-create.yandex_vpc_network.network-1: Creating...
module.network-create.yandex_vpc_network.network-1: Creation complete after 5s [id=enpd64sopqco4lr8jmp0]
module.network-create.yandex_vpc_subnet.subnet-1: Creating...
module.network-create.yandex_vpc_subnet.subnet-1: Creation complete after 1s [id=e2ljmoesnl0fedgbeu2r]
module.nginxSRV-create.yandex_compute_instance.vm: Creating...
module.nginxSRV-create.yandex_compute_instance.vm: Still creating... [10s elapsed]
module.nginxSRV-create.yandex_compute_instance.vm: Still creating... [20s elapsed]
module.nginxSRV-create.yandex_compute_instance.vm: Still creating... [30s elapsed]
module.nginxSRV-create.yandex_compute_instance.vm: Still creating... [40s elapsed]
module.nginxSRV-create.yandex_compute_instance.vm: Still creating... [50s elapsed]
module.nginxSRV-create.yandex_compute_instance.vm: Still creating... [1m0s elapsed]
module.nginxSRV-create.yandex_compute_instance.vm: Creation complete after 1m3s [id=epd96q3k3tjbomsd10cs]

Apply complete! Resources: 3 added, 0 changed, 0 destroyed.